// !$*UTF8*$!
{
	archiveVersion = 1;
	classes = {
	};
	objectVersion = 46;
	objects = {

/* Begin PBXBuildFile section */
		4C48FE0D18013C7300DE5F5A /* Foundation.framework in Frameworks */ = {isa = PBXBuildFile; fileRef = 4C48FE0C18013C7300DE5F5A /* Foundation.framework */; };
		4C48FE0F18013C7300DE5F5A /* CoreGraphics.framework in Frameworks */ = {isa = PBXBuildFile; fileRef = 4C48FE0E18013C7300DE5F5A /* CoreGraphics.framework */; };
		4C48FE1118013C7300DE5F5A /* UIKit.framework in Frameworks */ = {isa = PBXBuildFile; fileRef = 4C48FE1018013C7300DE5F5A /* UIKit.framework */; };
		4C48FE1718013C7300DE5F5A /* InfoPlist.strings in Resources */ = {isa = PBXBuildFile; fileRef = 4C48FE1518013C7300DE5F5A /* InfoPlist.strings */; };
		4C48FE1918013C7300DE5F5A /* main.m in Sources */ = {isa = PBXBuildFile; fileRef = 4C48FE1818013C7300DE5F5A /* main.m */; };
		4C48FE1D18013C7300DE5F5A /* iLogoAppDelegate.m in Sources */ = {isa = PBXBuildFile; fileRef = 4C48FE1C18013C7300DE5F5A /* iLogoAppDelegate.m */; };
		4C48FE2318013C7300DE5F5A /* iLogoViewController.m in Sources */ = {isa = PBXBuildFile; fileRef = 4C48FE2218013C7300DE5F5A /* iLogoViewController.m */; };
		4C48FE2C18013C7300DE5F5A /* XCTest.framework in Frameworks */ = {isa = PBXBuildFile; fileRef = 4C48FE2B18013C7300DE5F5A /* XCTest.framework */; };
		4C48FE2D18013C7300DE5F5A /* Foundation.framework in Frameworks */ = {isa = PBXBuildFile; fileRef = 4C48FE0C18013C7300DE5F5A /* Foundation.framework */; };
		4C48FE2E18013C7300DE5F5A /* UIKit.framework in Frameworks */ = {isa = PBXBuildFile; fileRef = 4C48FE1018013C7300DE5F5A /* UIKit.framework */; };
		4C48FE3618013C7300DE5F5A /* InfoPlist.strings in Resources */ = {isa = PBXBuildFile; fileRef = 4C48FE3418013C7300DE5F5A /* InfoPlist.strings */; };
		4C48FE3818013C7300DE5F5A /* iLogoTests.m in Sources */ = {isa = PBXBuildFile; fileRef = 4C48FE3718013C7300DE5F5A /* iLogoTests.m */; };
		4C837BC4181A2AB90019BF47 /* iPhone.storyboard in Resources */ = {isa = PBXBuildFile; fileRef = 4C837BC2181A2AB90019BF47 /* iPhone.storyboard */; };
		4C837BC6181A2C650019BF47 /* Default-568h@2x.png in Resources */ = {isa = PBXBuildFile; fileRef = 4C837BC5181A2C650019BF47 /* Default-568h@2x.png */; };
		4C837BC7181A2E2E0019BF47 /* iPhone.storyboard in Resources */ = {isa = PBXBuildFile; fileRef = 4C837BC2181A2AB90019BF47 /* iPhone.storyboard */; };
		4C837BD1181C755D0019BF47 /* Canvas.m in Sources */ = {isa = PBXBuildFile; fileRef = 4C837BD0181C755D0019BF47 /* Canvas.m */; };
		4C837BD5181C7D8B0019BF47 /* TurtleTrace.m in Sources */ = {isa = PBXBuildFile; fileRef = 4C837BD4181C7D8B0019BF47 /* TurtleTrace.m */; };
		4C837BD8181C88C90019BF47 /* Turtle.m in Sources */ = {isa = PBXBuildFile; fileRef = 4C837BD7181C88C90019BF47 /* Turtle.m */; };
		4C837BDC181C88E60019BF47 /* TurtleCommand.m in Sources */ = {isa = PBXBuildFile; fileRef = 4C837BDB181C88E60019BF47 /* TurtleCommand.m */; };
		4C837BDF181C972F0019BF47 /* Model.m in Sources */ = {isa = PBXBuildFile; fileRef = 4C837BDE181C972F0019BF47 /* Model.m */; };
		4C837BE2181C973A0019BF47 /* Parser.m in Sources */ = {isa = PBXBuildFile; fileRef = 4C837BE1181C973A0019BF47 /* Parser.m */; };
		4C837BE6181CA2550019BF47 /* Expression.m in Sources */ = {isa = PBXBuildFile; fileRef = 4C837BE5181CA2550019BF47 /* Expression.m */; };
		4C837BE9181CA2680019BF47 /* ForwardExpression.m in Sources */ = {isa = PBXBuildFile; fileRef = 4C837BE8181CA2680019BF47 /* ForwardExpression.m */; };
		4C837BED181CA5F90019BF47 /* RightExpression.m in Sources */ = {isa = PBXBuildFile; fileRef = 4C837BEC181CA5F90019BF47 /* RightExpression.m */; };
		4C837BF0181CA9140019BF47 /* TwoParameterExpression.m in Sources */ = {isa = PBXBuildFile; fileRef = 4C837BEF181CA9140019BF47 /* TwoParameterExpression.m */; };
		4C837BF3181CA9330019BF47 /* OneParameterExpression.m in Sources */ = {isa = PBXBuildFile; fileRef = 4C837BF2181CA9330019BF47 /* OneParameterExpression.m */; };
		4C837BF6181CB32A0019BF47 /* VariableExpression.m in Sources */ = {isa = PBXBuildFile; fileRef = 4C837BF5181CB32A0019BF47 /* VariableExpression.m */; };
		4C837BF8181CC89E0019BF47 /* Images-2.xcassets in Resources */ = {isa = PBXBuildFile; fileRef = 4C837BF7181CC89E0019BF47 /* Images-2.xcassets */; };
		4C837C00181D6BC00019BF47 /* ScopedExpression.m in Sources */ = {isa = PBXBuildFile; fileRef = 4C837BFF181D6BC00019BF47 /* ScopedExpression.m */; };
		4C837C03181D6BEB0019BF47 /* RepeatExpression.m in Sources */ = {isa = PBXBuildFile; fileRef = 4C837C02181D6BEB0019BF47 /* RepeatExpression.m */; };
		4C837C09181D927A0019BF47 /* turtle.png in Resources */ = {isa = PBXBuildFile; fileRef = 4C837C08181D927A0019BF47 /* turtle.png */; };
/* End PBXBuildFile section */

/* Begin PBXContainerItemProxy section */
		4C48FE2F18013C7300DE5F5A /* PBXContainerItemProxy */ = {
			isa = PBXContainerItemProxy;
			containerPortal = 4C48FE0118013C7300DE5F5A /* Project object */;
			proxyType = 1;
			remoteGlobalIDString = 4C48FE0818013C7300DE5F5A;
			remoteInfo = iLogo;
		};
/* End PBXContainerItemProxy section */

/* Begin PBXFileReference section */
		4C48FE0918013C7300DE5F5A /* iLogo.app */ = {isa = PBXFileReference; explicitFileType = wrapper.application; includeInIndex = 0; path = iLogo.app; sourceTree = BUILT_PRODUCTS_DIR; };
		4C48FE0C18013C7300DE5F5A /* Foundation.framework */ = {isa = PBXFileReference; lastKnownFileType = wrapper.framework; name = Foundation.framework; path = System/Library/Frameworks/Foundation.framework; sourceTree = SDKROOT; };
		4C48FE0E18013C7300DE5F5A /* CoreGraphics.framework */ = {isa = PBXFileReference; lastKnownFileType = wrapper.framework; name = CoreGraphics.framework; path = System/Library/Frameworks/CoreGraphics.framework; sourceTree = SDKROOT; };
		4C48FE1018013C7300DE5F5A /* UIKit.framework */ = {isa = PBXFileReference; lastKnownFileType = wrapper.framework; name = UIKit.framework; path = System/Library/Frameworks/UIKit.framework; sourceTree = SDKROOT; };
		4C48FE1418013C7300DE5F5A /* iLogo-Info.plist */ = {isa = PBXFileReference; lastKnownFileType = text.plist.xml; path = "iLogo-Info.plist"; sourceTree = "<group>"; };
		4C48FE1618013C7300DE5F5A /* en */ = {isa = PBXFileReference; lastKnownFileType = text.plist.strings; name = en; path = en.lproj/InfoPlist.strings; sourceTree = "<group>"; };
		4C48FE1818013C7300DE5F5A /* main.m */ = {isa = PBXFileReference; lastKnownFileType = sourcecode.c.objc; path = main.m; sourceTree = "<group>"; };
		4C48FE1A18013C7300DE5F5A /* iLogo-Prefix.pch */ = {isa = PBXFileReference; lastKnownFileType = sourcecode.c.h; path = "iLogo-Prefix.pch"; sourceTree = "<group>"; };
		4C48FE1B18013C7300DE5F5A /* iLogoAppDelegate.h */ = {isa = PBXFileReference; lastKnownFileType = sourcecode.c.h; path = iLogoAppDelegate.h; sourceTree = "<group>"; };
		4C48FE1C18013C7300DE5F5A /* iLogoAppDelegate.m */ = {isa = PBXFileReference; lastKnownFileType = sourcecode.c.objc; path = iLogoAppDelegate.m; sourceTree = "<group>"; };
		4C48FE2118013C7300DE5F5A /* iLogoViewController.h */ = {isa = PBXFileReference; lastKnownFileType = sourcecode.c.h; path = iLogoViewController.h; sourceTree = "<group>"; };
		4C48FE2218013C7300DE5F5A /* iLogoViewController.m */ = {isa = PBXFileReference; lastKnownFileType = sourcecode.c.objc; path = iLogoViewController.m; sourceTree = "<group>"; };
		4C48FE2A18013C7300DE5F5A /* iLogoTests.xctest */ = {isa = PBXFileReference; explicitFileType = wrapper.cfbundle; includeInIndex = 0; path = iLogoTests.xctest; sourceTree = BUILT_PRODUCTS_DIR; };
		4C48FE2B18013C7300DE5F5A /* XCTest.framework */ = {isa = PBXFileReference; lastKnownFileType = wrapper.framework; name = XCTest.framework; path = Library/Frameworks/XCTest.framework; sourceTree = DEVELOPER_DIR; };
		4C48FE3318013C7300DE5F5A /* iLogoTests-Info.plist */ = {isa = PBXFileReference; lastKnownFileType = text.plist.xml; path = "iLogoTests-Info.plist"; sourceTree = "<group>"; };
		4C48FE3518013C7300DE5F5A /* en */ = {isa = PBXFileReference; lastKnownFileType = text.plist.strings; name = en; path = en.lproj/InfoPlist.strings; sourceTree = "<group>"; };
		4C48FE3718013C7300DE5F5A /* iLogoTests.m */ = {isa = PBXFileReference; lastKnownFileType = sourcecode.c.objc; path = iLogoTests.m; sourceTree = "<group>"; };
		4C5427201804CC410043EE23 /* atomic web.png */ = {isa = PBXFileReference; lastKnownFileType = image.png; name = "atomic web.png"; path = "../atomic web.png"; sourceTree = "<group>"; };
		4C837BC3181A2AB90019BF47 /* Base */ = {isa = PBXFileReference; lastKnownFileType = file.storyboard; name = Base; path = Base.lproj/iPhone.storyboard; sourceTree = "<group>"; };
		4C837BC5181A2C650019BF47 /* Default-568h@2x.png */ = {isa = PBXFileReference; lastKnownFileType = image.png; path = "Default-568h@2x.png"; sourceTree = "<group>"; };
		4C837BC9181A2E300019BF47 /* en */ = {isa = PBXFileReference; lastKnownFileType = text.plist.strings; name = en; path = en.lproj/iPhone.strings; sourceTree = "<group>"; };
		4C837BCF181C755D0019BF47 /* Canvas.h */ = {isa = PBXFileReference; fileEncoding = 4; lastKnownFileType = sourcecode.c.h; name = Canvas.h; path = view/Canvas.h; sourceTree = "<group>"; };
		4C837BD0181C755D0019BF47 /* Canvas.m */ = {isa = PBXFileReference; fileEncoding = 4; lastKnownFileType = sourcecode.c.objc; name = Canvas.m; path = view/Canvas.m; sourceTree = "<group>"; };
		4C837BD3181C7D8B0019BF47 /* TurtleTrace.h */ = {isa = PBXFileReference; fileEncoding = 4; lastKnownFileType = sourcecode.c.h; name = TurtleTrace.h; path = model/TurtleTrace.h; sourceTree = "<group>"; };
		4C837BD4181C7D8B0019BF47 /* TurtleTrace.m */ = {isa = PBXFileReference; fileEncoding = 4; lastKnownFileType = sourcecode.c.objc; name = TurtleTrace.m; path = model/TurtleTrace.m; sourceTree = "<group>"; };
		4C837BD6181C88C90019BF47 /* Turtle.h */ = {isa = PBXFileReference; fileEncoding = 4; lastKnownFileType = sourcecode.c.h; name = Turtle.h; path = model/Turtle.h; sourceTree = "<group>"; };
		4C837BD7181C88C90019BF47 /* Turtle.m */ = {isa = PBXFileReference; fileEncoding = 4; lastKnownFileType = sourcecode.c.objc; name = Turtle.m; path = model/Turtle.m; sourceTree = "<group>"; };
		4C837BDA181C88E60019BF47 /* TurtleCommand.h */ = {isa = PBXFileReference; fileEncoding = 4; lastKnownFileType = sourcecode.c.h; name = TurtleCommand.h; path = turtle/TurtleCommand.h; sourceTree = "<group>"; };
		4C837BDB181C88E60019BF47 /* TurtleCommand.m */ = {isa = PBXFileReference; fileEncoding = 4; lastKnownFileType = sourcecode.c.objc; name = TurtleCommand.m; path = turtle/TurtleCommand.m; sourceTree = "<group>"; };
		4C837BDD181C972F0019BF47 /* Model.h */ = {isa = PBXFileReference; fileEncoding = 4; lastKnownFileType = sourcecode.c.h; name = Model.h; path = model/Model.h; sourceTree = "<group>"; };
		4C837BDE181C972F0019BF47 /* Model.m */ = {isa = PBXFileReference; fileEncoding = 4; lastKnownFileType = sourcecode.c.objc; name = Model.m; path = model/Model.m; sourceTree = "<group>"; };
		4C837BE0181C973A0019BF47 /* Parser.h */ = {isa = PBXFileReference; fileEncoding = 4; lastKnownFileType = sourcecode.c.h; path = Parser.h; sourceTree = "<group>"; };
		4C837BE1181C973A0019BF47 /* Parser.m */ = {isa = PBXFileReference; fileEncoding = 4; lastKnownFileType = sourcecode.c.objc; path = Parser.m; sourceTree = "<group>"; };
		4C837BE4181CA2550019BF47 /* Expression.h */ = {isa = PBXFileReference; fileEncoding = 4; lastKnownFileType = sourcecode.c.h; name = Expression.h; path = model/expression/Expression.h; sourceTree = "<group>"; };
		4C837BE5181CA2550019BF47 /* Expression.m */ = {isa = PBXFileReference; fileEncoding = 4; lastKnownFileType = sourcecode.c.objc; name = Expression.m; path = model/expression/Expression.m; sourceTree = "<group>"; };
		4C837BE7181CA2680019BF47 /* ForwardExpression.h */ = {isa = PBXFileReference; fileEncoding = 4; lastKnownFileType = sourcecode.c.h; name = ForwardExpression.h; path = model/expression/ForwardExpression.h; sourceTree = "<group>"; };
		4C837BE8181CA2680019BF47 /* ForwardExpression.m */ = {isa = PBXFileReference; fileEncoding = 4; lastKnownFileType = sourcecode.c.objc; name = ForwardExpression.m; path = model/expression/ForwardExpression.m; sourceTree = "<group>"; };
		4C837BEA181CA49F0019BF47 /* ExpressionHeader.h */ = {isa = PBXFileReference; lastKnownFileType = sourcecode.c.h; name = ExpressionHeader.h; path = model/expression/ExpressionHeader.h; sourceTree = "<group>"; };
		4C837BEB181CA5F90019BF47 /* RightExpression.h */ = {isa = PBXFileReference; fileEncoding = 4; lastKnownFileType = sourcecode.c.h; name = RightExpression.h; path = model/expression/RightExpression.h; sourceTree = "<group>"; };
		4C837BEC181CA5F90019BF47 /* RightExpression.m */ = {isa = PBXFileReference; fileEncoding = 4; lastKnownFileType = sourcecode.c.objc; name = RightExpression.m; path = model/expression/RightExpression.m; sourceTree = "<group>"; };
		4C837BEE181CA9140019BF47 /* TwoParameterExpression.h */ = {isa = PBXFileReference; fileEncoding = 4; lastKnownFileType = sourcecode.c.h; name = TwoParameterExpression.h; path = model/expression/TwoParameterExpression.h; sourceTree = "<group>"; };
		4C837BEF181CA9140019BF47 /* TwoParameterExpression.m */ = {isa = PBXFileReference; fileEncoding = 4; lastKnownFileType = sourcecode.c.objc; name = TwoParameterExpression.m; path = model/expression/TwoParameterExpression.m; sourceTree = "<group>"; };
		4C837BF1181CA9330019BF47 /* OneParameterExpression.h */ = {isa = PBXFileReference; fileEncoding = 4; lastKnownFileType = sourcecode.c.h; name = OneParameterExpression.h; path = model/expression/OneParameterExpression.h; sourceTree = "<group>"; };
		4C837BF2181CA9330019BF47 /* OneParameterExpression.m */ = {isa = PBXFileReference; fileEncoding = 4; lastKnownFileType = sourcecode.c.objc; name = OneParameterExpression.m; path = model/expression/OneParameterExpression.m; sourceTree = "<group>"; };
		4C837BF4181CB32A0019BF47 /* VariableExpression.h */ = {isa = PBXFileReference; fileEncoding = 4; lastKnownFileType = sourcecode.c.h; name = VariableExpression.h; path = model/expression/VariableExpression.h; sourceTree = "<group>"; };
		4C837BF5181CB32A0019BF47 /* VariableExpression.m */ = {isa = PBXFileReference; fileEncoding = 4; lastKnownFileType = sourcecode.c.objc; name = VariableExpression.m; path = model/expression/VariableExpression.m; sourceTree = "<group>"; };
		4C837BF7181CC89E0019BF47 /* Images-2.xcassets */ = {isa = PBXFileReference; lastKnownFileType = folder.assetcatalog; path = "Images-2.xcassets"; sourceTree = "<group>"; };
		4C837BFE181D6BC00019BF47 /* ScopedExpression.h */ = {isa = PBXFileReference; fileEncoding = 4; lastKnownFileType = sourcecode.c.h; name = ScopedExpression.h; path = model/expression/ScopedExpression.h; sourceTree = "<group>"; };
		4C837BFF181D6BC00019BF47 /* ScopedExpression.m */ = {isa = PBXFileReference; fileEncoding = 4; lastKnownFileType = sourcecode.c.objc; name = ScopedExpression.m; path = model/expression/ScopedExpression.m; sourceTree = "<group>"; };
		4C837C01181D6BEB0019BF47 /* RepeatExpression.h */ = {isa = PBXFileReference; fileEncoding = 4; lastKnownFileType = sourcecode.c.h; name = RepeatExpression.h; path = model/expression/RepeatExpression.h; sourceTree = "<group>"; };
		4C837C02181D6BEB0019BF47 /* RepeatExpression.m */ = {isa = PBXFileReference; fileEncoding = 4; lastKnownFileType = sourcecode.c.objc; name = RepeatExpression.m; path = model/expression/RepeatExpression.m; sourceTree = "<group>"; };
		4C837C08181D927A0019BF47 /* turtle.png */ = {isa = PBXFileReference; lastKnownFileType = image.png; name = turtle.png; path = asset/turtle.png; sourceTree = "<group>"; };
/* End PBXFileReference section */

/* Begin PBXFrameworksBuildPhase section */
		4C48FE0618013C7300DE5F5A /* Frameworks */ = {
			isa = PBXFrameworksBuildPhase;
			buildActionMask = 2147483647;
			files = (
				4C48FE0F18013C7300DE5F5A /* CoreGraphics.framework in Frameworks */,
				4C48FE1118013C7300DE5F5A /* UIKit.framework in Frameworks */,
				4C48FE0D18013C7300DE5F5A /* Foundation.framework in Frameworks */,
			);
			runOnlyForDeploymentPostprocessing = 0;
		};
		4C48FE2718013C7300DE5F5A /* Frameworks */ = {
			isa = PBXFrameworksBuildPhase;
			buildActionMask = 2147483647;
			files = (
				4C48FE2C18013C7300DE5F5A /* XCTest.framework in Frameworks */,
				4C48FE2E18013C7300DE5F5A /* UIKit.framework in Frameworks */,
				4C48FE2D18013C7300DE5F5A /* Foundation.framework in Frameworks */,
			);
			runOnlyForDeploymentPostprocessing = 0;
		};
/* End PBXFrameworksBuildPhase section */

/* Begin PBXGroup section */
		4C48FE0018013C7300DE5F5A = {
			isa = PBXGroup;
			children = (
				4C48FE1218013C7300DE5F5A /* iLogo */,
				4C48FE3118013C7300DE5F5A /* iLogoTests */,
				4C48FE0B18013C7300DE5F5A /* Frameworks */,
				4C48FE0A18013C7300DE5F5A /* Products */,
			);
			sourceTree = "<group>";
		};
		4C48FE0A18013C7300DE5F5A /* Products */ = {
			isa = PBXGroup;
			children = (
				4C48FE0918013C7300DE5F5A /* iLogo.app */,
				4C48FE2A18013C7300DE5F5A /* iLogoTests.xctest */,
			);
			name = Products;
			sourceTree = "<group>";
		};
		4C48FE0B18013C7300DE5F5A /* Frameworks */ = {
			isa = PBXGroup;
			children = (
				4C48FE0C18013C7300DE5F5A /* Foundation.framework */,
				4C48FE0E18013C7300DE5F5A /* CoreGraphics.framework */,
				4C48FE1018013C7300DE5F5A /* UIKit.framework */,
				4C48FE2B18013C7300DE5F5A /* XCTest.framework */,
			);
			name = Frameworks;
			sourceTree = "<group>";
		};
		4C48FE1218013C7300DE5F5A /* iLogo */ = {
			isa = PBXGroup;
			children = (
				4C837BF9181CCB360019BF47 /* asset */,
				4C837BEA181CA49F0019BF47 /* ExpressionHeader.h */,
				4C837BD9181C88CF0019BF47 /* turtle */,
				4C837BD2181C7B6D0019BF47 /* model */,
				4C5427211804CC800043EE23 /* asset */,
				4C54271C1804C9750043EE23 /* view */,
				4C837BC2181A2AB90019BF47 /* iPhone.storyboard */,
				4C48FE2118013C7300DE5F5A /* iLogoViewController.h */,
				4C48FE2218013C7300DE5F5A /* iLogoViewController.m */,
				4C837BF7181CC89E0019BF47 /* Images-2.xcassets */,
				4C48FE1318013C7300DE5F5A /* Supporting Files */,
			);
			path = iLogo;
			sourceTree = "<group>";
		};
		4C48FE1318013C7300DE5F5A /* Supporting Files */ = {
			isa = PBXGroup;
			children = (
				4C48FE1B18013C7300DE5F5A /* iLogoAppDelegate.h */,
				4C48FE1C18013C7300DE5F5A /* iLogoAppDelegate.m */,
				4C48FE1418013C7300DE5F5A /* iLogo-Info.plist */,
				4C48FE1518013C7300DE5F5A /* InfoPlist.strings */,
				4C48FE1818013C7300DE5F5A /* main.m */,
				4C48FE1A18013C7300DE5F5A /* iLogo-Prefix.pch */,
			);
			name = "Supporting Files";
			sourceTree = "<group>";
		};
		4C48FE3118013C7300DE5F5A /* iLogoTests */ = {
			isa = PBXGroup;
			children = (
				4C48FE3718013C7300DE5F5A /* iLogoTests.m */,
				4C48FE3218013C7300DE5F5A /* Supporting Files */,
			);
			path = iLogoTests;
			sourceTree = "<group>";
		};
		4C48FE3218013C7300DE5F5A /* Supporting Files */ = {
			isa = PBXGroup;
			children = (
				4C48FE3318013C7300DE5F5A /* iLogoTests-Info.plist */,
				4C48FE3418013C7300DE5F5A /* InfoPlist.strings */,
			);
			name = "Supporting Files";
			sourceTree = "<group>";
		};
		4C54271C1804C9750043EE23 /* view */ = {
			isa = PBXGroup;
			children = (
				4C837BCF181C755D0019BF47 /* Canvas.h */,
				4C837BD0181C755D0019BF47 /* Canvas.m */,
			);
			name = view;
			sourceTree = "<group>";
		};
		4C5427211804CC800043EE23 /* asset */ = {
			isa = PBXGroup;
			children = (
				4C837BC5181A2C650019BF47 /* Default-568h@2x.png */,
				4C5427201804CC410043EE23 /* atomic web.png */,
			);
			name = asset;
			sourceTree = "<group>";
		};
		4C837BD2181C7B6D0019BF47 /* model */ = {
			isa = PBXGroup;
			children = (
				4C837BE3181CA2220019BF47 /* expression */,
				4C837BDD181C972F0019BF47 /* Model.h */,
				4C837BDE181C972F0019BF47 /* Model.m */,
				4C837BE0181C973A0019BF47 /* Parser.h */,
				4C837BE1181C973A0019BF47 /* Parser.m */,
			);
			name = model;
			sourceTree = "<group>";
		};
		4C837BD9181C88CF0019BF47 /* turtle */ = {
			isa = PBXGroup;
			children = (
				4C837BD6181C88C90019BF47 /* Turtle.h */,
				4C837BD7181C88C90019BF47 /* Turtle.m */,
				4C837BD3181C7D8B0019BF47 /* TurtleTrace.h */,
				4C837BD4181C7D8B0019BF47 /* TurtleTrace.m */,
				4C837BDA181C88E60019BF47 /* TurtleCommand.h */,
				4C837BDB181C88E60019BF47 /* TurtleCommand.m */,
			);
			name = turtle;
			sourceTree = "<group>";
		};
		4C837BE3181CA2220019BF47 /* expression */ = {
			isa = PBXGroup;
			children = (
				4C837BE4181CA2550019BF47 /* Expression.h */,
				4C837BE5181CA2550019BF47 /* Expression.m */,
				4C837BE7181CA2680019BF47 /* ForwardExpression.h */,
				4C837BE8181CA2680019BF47 /* ForwardExpression.m */,
				4C837BEB181CA5F90019BF47 /* RightExpression.h */,
				4C837BEC181CA5F90019BF47 /* RightExpression.m */,
				4C837BEE181CA9140019BF47 /* TwoParameterExpression.h */,
				4C837BEF181CA9140019BF47 /* TwoParameterExpression.m */,
				4C837BF1181CA9330019BF47 /* OneParameterExpression.h */,
				4C837BF2181CA9330019BF47 /* OneParameterExpression.m */,
				4C837BF4181CB32A0019BF47 /* VariableExpression.h */,
				4C837BF5181CB32A0019BF47 /* VariableExpression.m */,
				4C837BFE181D6BC00019BF47 /* ScopedExpression.h */,
				4C837BFF181D6BC00019BF47 /* ScopedExpression.m */,
				4C837C01181D6BEB0019BF47 /* RepeatExpression.h */,
				4C837C02181D6BEB0019BF47 /* RepeatExpression.m */,
			);
			name = expression;
			sourceTree = "<group>";
		};
		4C837BF9181CCB360019BF47 /* asset */ = {
			isa = PBXGroup;
			children = (
				4C837C08181D927A0019BF47 /* turtle.png */,
			);
			name = asset;
			sourceTree = "<group>";
		};
/* End PBXGroup section */

/* Begin PBXNativeTarget section */
		4C48FE0818013C7300DE5F5A /* iLogo */ = {
			isa = PBXNativeTarget;
			buildConfigurationList = 4C48FE3B18013C7300DE5F5A /* Build configuration list for PBXNativeTarget "iLogo" */;
			buildPhases = (
				4C48FE0518013C7300DE5F5A /* Sources */,
				4C48FE0618013C7300DE5F5A /* Frameworks */,
				4C48FE0718013C7300DE5F5A /* Resources */,
			);
			buildRules = (
			);
			dependencies = (
			);
			name = iLogo;
			productName = iLogo;
			productReference = 4C48FE0918013C7300DE5F5A /* iLogo.app */;
			productType = "com.apple.product-type.application";
		};
		4C48FE2918013C7300DE5F5A /* iLogoTests */ = {
			isa = PBXNativeTarget;
			buildConfigurationList = 4C48FE3E18013C7300DE5F5A /* Build configuration list for PBXNativeTarget "iLogoTests" */;
			buildPhases = (
				4C48FE2618013C7300DE5F5A /* Sources */,
				4C48FE2718013C7300DE5F5A /* Frameworks */,
				4C48FE2818013C7300DE5F5A /* Resources */,
			);
			buildRules = (
			);
			dependencies = (
				4C48FE3018013C7300DE5F5A /* PBXTargetDependency */,
			);
			name = iLogoTests;
			productName = iLogoTests;
			productReference = 4C48FE2A18013C7300DE5F5A /* iLogoTests.xctest */;
			productType = "com.apple.product-type.bundle.unit-test";
		};
/* End PBXNativeTarget section */

/* Begin PBXProject section */
		4C48FE0118013C7300DE5F5A /* Project object */ = {
			isa = PBXProject;
			attributes = {
				CLASSPREFIX = iLogo;
				LastUpgradeCheck = 0500;
				ORGANIZATIONNAME = "Yuhua Mai";
				TargetAttributes = {
					4C48FE2918013C7300DE5F5A = {
						TestTargetID = 4C48FE0818013C7300DE5F5A;
					};
				};
			};
			buildConfigurationList = 4C48FE0418013C7300DE5F5A /* Build configuration list for PBXProject "iLogo" */;
			compatibilityVersion = "Xcode 3.2";
			developmentRegion = English;
			hasScannedForEncodings = 0;
			knownRegions = (
				en,
				Base,
			);
			mainGroup = 4C48FE0018013C7300DE5F5A;
			productRefGroup = 4C48FE0A18013C7300DE5F5A /* Products */;
			projectDirPath = "";
			projectRoot = "";
			targets = (
				4C48FE0818013C7300DE5F5A /* iLogo */,
				4C48FE2918013C7300DE5F5A /* iLogoTests */,
			);
		};
/* End PBXProject section */

/* Begin PBXResourcesBuildPhase section */
		4C48FE0718013C7300DE5F5A /* Resources */ = {
			isa = PBXResourcesBuildPhase;
			buildActionMask = 2147483647;
			files = (
				4C48FE1718013C7300DE5F5A /* InfoPlist.strings in Resources */,
				4C837C09181D927A0019BF47 /* turtle.png in Resources */,
				4C837BC4181A2AB90019BF47 /* iPhone.storyboard in Resources */,
				4C837BF8181CC89E0019BF47 /* Images-2.xcassets in Resources */,
				4C837BC6181A2C650019BF47 /* Default-568h@2x.png in Resources */,
			);
			runOnlyForDeploymentPostprocessing = 0;
		};
		4C48FE2818013C7300DE5F5A /* Resources */ = {
			isa = PBXResourcesBuildPhase;
			buildActionMask = 2147483647;
			files = (
				4C48FE3618013C7300DE5F5A /* InfoPlist.strings in Resources */,
				4C837BC7181A2E2E0019BF47 /* iPhone.storyboard in Resources */,
			);
			runOnlyForDeploymentPostprocessing = 0;
		};
/* End PBXResourcesBuildPhase section */

/* Begin PBXSourcesBuildPhase section */
		4C48FE0518013C7300DE5F5A /* Sources */ = {
			isa = PBXSourcesBuildPhase;
			buildActionMask = 2147483647;
			files = (
				4C48FE1918013C7300DE5F5A /* main.m in Sources */,
				4C837BD5181C7D8B0019BF47 /* TurtleTrace.m in Sources */,
				4C837BED181CA5F90019BF47 /* RightExpression.m in Sources */,
				4C48FE1D18013C7300DE5F5A /* iLogoAppDelegate.m in Sources */,
				4C837BDF181C972F0019BF47 /* Model.m in Sources */,
				4C837BD8181C88C90019BF47 /* Turtle.m in Sources */,
				4C48FE2318013C7300DE5F5A /* iLogoViewController.m in Sources */,
				4C837BDC181C88E60019BF47 /* TurtleCommand.m in Sources */,
				4C837BE2181C973A0019BF47 /* Parser.m in Sources */,
				4C837BD1181C755D0019BF47 /* Canvas.m in Sources */,
				4C837BF3181CA9330019BF47 /* OneParameterExpression.m in Sources */,
				4C837C03181D6BEB0019BF47 /* RepeatExpression.m in Sources */,
				4C837C00181D6BC00019BF47 /* ScopedExpression.m in Sources */,
				4C837BF6181CB32A0019BF47 /* VariableExpression.m in Sources */,
				4C837BF0181CA9140019BF47 /* TwoParameterExpression.m in Sources */,
				4C837BE9181CA2680019BF47 /* ForwardExpression.m in Sources */,
				4C837BE6181CA2550019BF47 /* Expression.m in Sources */,
			);
			runOnlyForDeploymentPostprocessing = 0;
		};
		4C48FE2618013C7300DE5F5A /* Sources */ = {
			isa = PBXSourcesBuildPhase;
			buildActionMask = 2147483647;
			files = (
				4C48FE3818013C7300DE5F5A /* iLogoTests.m in Sources */,
			);
			runOnlyForDeploymentPostprocessing = 0;
		};
/* End PBXSourcesBuildPhase section */

/* Begin PBXTargetDependency section */
		4C48FE3018013C7300DE5F5A /* PBXTargetDependency */ = {
			isa = PBXTargetDependency;
			target = 4C48FE0818013C7300DE5F5A /* iLogo */;
			targetProxy = 4C48FE2F18013C7300DE5F5A /* PBXContainerItemProxy */;
		};
/* End PBXTargetDependency section */

/* Begin PBXVariantGroup section */
		4C48FE1518013C7300DE5F5A /* InfoPlist.strings */ = {
			isa = PBXVariantGroup;
			children = (
				4C48FE1618013C7300DE5F5A /* en */,
			);
			name = InfoPlist.strings;
			sourceTree = "<group>";
		};
		4C48FE3418013C7300DE5F5A /* InfoPlist.strings */ = {
			isa = PBXVariantGroup;
			children = (
				4C48FE3518013C7300DE5F5A /* en */,
			);
			name = InfoPlist.strings;
			sourceTree = "<group>";
		};
		4C837BC2181A2AB90019BF47 /* iPhone.storyboard */ = {
			isa = PBXVariantGroup;
			children = (
				4C837BC3181A2AB90019BF47 /* Base */,
				4C837BC9181A2E300019BF47 /* en */,
			);
			name = iPhone.storyboard;
			sourceTree = "<group>";
		};
/* End PBXVariantGroup section */

/* Begin XCBuildConfiguration section */
		4C48FE3918013C7300DE5F5A /* Debug */ = {
			isa = XCBuildConfiguration;
			buildSettings = {
				ALWAYS_SEARCH_USER_PATHS = NO;
				ARCHS = "$(ARCHS_STANDARD_INCLUDING_64_BIT)";
				CLANG_CXX_LANGUAGE_STANDARD = "gnu++0x";
				CLANG_CXX_LIBRARY = "libc++";
				CLANG_ENABLE_MODULES = YES;
				CLANG_ENABLE_OBJC_ARC = YES;
				CLANG_WARN_BOOL_CONVERSION = YES;
				CLANG_WARN_CONSTANT_CONVERSION = YES;
				CLANG_WARN_DIRECT_OBJC_ISA_USAGE = YES_ERROR;
				CLANG_WARN_EMPTY_BODY = YES;
				CLANG_WARN_ENUM_CONVERSION = YES;
				CLANG_WARN_INT_CONVERSION = YES;
				CLANG_WARN_OBJC_ROOT_CLASS = YES_ERROR;
				CLANG_WARN__DUPLICATE_METHOD_MATCH = YES;
				"CODE_SIGN_IDENTITY[sdk=iphoneos*]" = "iPhone Developer";
				COPY_PHASE_STRIP = NO;
				GCC_C_LANGUAGE_STANDARD = gnu99;
				GCC_DYNAMIC_NO_PIC = NO;
				GCC_OPTIMIZATION_LEVEL = 0;
				GCC_PREPROCESSOR_DEFINITIONS = (
					"DEBUG=1",
					"$(inherited)",
				);
				GCC_SYMBOLS_PRIVATE_EXTERN = NO;
				GCC_WARN_64_TO_32_BIT_CONVERSION = YES;
				GCC_WARN_ABOUT_RETURN_TYPE = YES_ERROR;
				GCC_WARN_UNDECLARED_SELECTOR = YES;
				GCC_WARN_UNINITIALIZED_AUTOS = YES;
				GCC_WARN_UNUSED_FUNCTION = YES;
				GCC_WARN_UNUSED_VARIABLE = YES;
				IPHONEOS_DEPLOYMENT_TARGET = 7.0;
				ONLY_ACTIVE_ARCH = YES;
				SDKROOT = iphoneos;
			};
			name = Debug;
		};
		4C48FE3A18013C7300DE5F5A /* Release */ = {
			isa = XCBuildConfiguration;
			buildSettings = {
				ALWAYS_SEARCH_USER_PATHS = NO;
				ARCHS = "$(ARCHS_STANDARD_INCLUDING_64_BIT)";
				CLANG_CXX_LANGUAGE_STANDARD = "gnu++0x";
				CLANG_CXX_LIBRARY = "libc++";
				CLANG_ENABLE_MODULES = YES;
				CLANG_ENABLE_OBJC_ARC = YES;
				CLANG_WARN_BOOL_CONVERSION = YES;
				CLANG_WARN_CONSTANT_CONVERSION = YES;
				CLANG_WARN_DIRECT_OBJC_ISA_USAGE = YES_ERROR;
				CLANG_WARN_EMPTY_BODY = YES;
				CLANG_WARN_ENUM_CONVERSION = YES;
				CLANG_WARN_INT_CONVERSION = YES;
				CLANG_WARN_OBJC_ROOT_CLASS = YES_ERROR;
				CLANG_WARN__DUPLICATE_METHOD_MATCH = YES;
				"CODE_SIGN_IDENTITY[sdk=iphoneos*]" = "iPhone Developer";
				COPY_PHASE_STRIP = YES;
				ENABLE_NS_ASSERTIONS = NO;
				GCC_C_LANGUAGE_STANDARD = gnu99;
				GCC_WARN_64_TO_32_BIT_CONVERSION = YES;
				GCC_WARN_ABOUT_RETURN_TYPE = YES_ERROR;
				GCC_WARN_UNDECLARED_SELECTOR = YES;
				GCC_WARN_UNINITIALIZED_AUTOS = YES;
				GCC_WARN_UNUSED_FUNCTION = YES;
				GCC_WARN_UNUSED_VARIABLE = YES;
				IPHONEOS_DEPLOYMENT_TARGET = 7.0;
				SDKROOT = iphoneos;
				VALIDATE_PRODUCT = YES;
			};
			name = Release;
		};
		4C48FE3C18013C7300DE5F5A /* Debug */ = {
			isa = XCBuildConfiguration;
			buildSettings = {
				ASSETCATALOG_COMPILER_APPICON_NAME = AppIcon;
				ASSETCATALOG_COMPILER_LAUNCHIMAGE_NAME = LaunchImage;
				GCC_PRECOMPILE_PREFIX_HEADER = YES;
				GCC_PREFIX_HEADER = "iLogo/iLogo-Prefix.pch";
				INFOPLIST_FILE = "iLogo/iLogo-Info.plist";
				PRODUCT_NAME = "$(TARGET_NAME)";
				TARGETED_DEVICE_FAMILY = 1;
				WRAPPER_EXTENSION = app;
			};
			name = Debug;
		};
		4C48FE3D18013C7300DE5F5A /* Release */ = {
			isa = XCBuildConfiguration;
			buildSettings = {
				ASSETCATALOG_COMPILER_APPICON_NAME = AppIcon;
				ASSETCATALOG_COMPILER_LAUNCHIMAGE_NAME = LaunchImage;
				GCC_PRECOMPILE_PREFIX_HEADER = YES;
				GCC_PREFIX_HEADER = "iLogo/iLogo-Prefix.pch";
				INFOPLIST_FILE = "iLogo/iLogo-Info.plist";
				PRODUCT_NAME = "$(TARGET_NAME)";
				TARGETED_DEVICE_FAMILY = 1;
				WRAPPER_EXTENSION = app;
			};
			name = Release;
		};
		4C48FE3F18013C7300DE5F5A /* Debug */ = {
			isa = XCBuildConfiguration;
			buildSettings = {
				ARCHS = "$(ARCHS_STANDARD_INCLUDING_64_BIT)";
				BUNDLE_LOADER = "$(BUILT_PRODUCTS_DIR)/iLogo.app/iLogo";
				FRAMEWORK_SEARCH_PATHS = (
					"$(SDKROOT)/Developer/Library/Frameworks",
					"$(inherited)",
					"$(DEVELOPER_FRAMEWORKS_DIR)",
				);
				GCC_PRECOMPILE_PREFIX_HEADER = YES;
				GCC_PREFIX_HEADER = "iLogo/iLogo-Prefix.pch";
				GCC_PREPROCESSOR_DEFINITIONS = (
					"DEBUG=1",
					"$(inherited)",
				);
				INFOPLIST_FILE = "iLogoTests/iLogoTests-Info.plist";
				PRODUCT_NAME = "$(TARGET_NAME)";
				TEST_HOST = "$(BUNDLE_LOADER)";
				WRAPPER_EXTENSION = xctest;
			};
			name = Debug;
		};
		4C48FE4018013C7300DE5F5A /* Release */ = {
			isa = XCBuildConfiguration;
			buildSettings = {
				ARCHS = "$(ARCHS_STANDARD_INCLUDING_64_BIT)";
				BUNDLE_LOADER = "$(BUILT_PRODUCTS_DIR)/iLogo.app/iLogo";
				FRAMEWORK_SEARCH_PATHS = (
					"$(SDKROOT)/Developer/Library/Frameworks",
					"$(inherited)",
					"$(DEVELOPER_FRAMEWORKS_DIR)",
				);
				GCC_PRECOMPILE_PREFIX_HEADER = YES;
				GCC_PREFIX_HEADER = "iLogo/iLogo-Prefix.pch";
				INFOPLIST_FILE = "iLogoTests/iLogoTests-Info.plist";
				PRODUCT_NAME = "$(TARGET_NAME)";
				TEST_HOST = "$(BUNDLE_LOADER)";
				WRAPPER_EXTENSION = xctest;
			};
			name = Release;
		};
/* End XCBuildConfiguration section */

/* Begin XCConfigurationList section */
		4C48FE0418013C7300DE5F5A /* Build configuration list for PBXProject "iLogo" */ = {
			isa = XCConfigurationList;
			buildConfigurations = (
				4C48FE3918013C7300DE5F5A /* Debug */,
				4C48FE3A18013C7300DE5F5A /* Release */,
			);
			defaultConfigurationIsVisible = 0;
			defaultConfigurationName = Release;
		};
		4C48FE3B18013C7300DE5F5A /* Build configuration list for PBXNativeTarget "iLogo" */ = {
			isa = XCConfigurationList;
			buildConfigurations = (
				4C48FE3C18013C7300DE5F5A /* Debug */,
				4C48FE3D18013C7300DE5F5A /* Release */,
			);
			defaultConfigurationIsVisible = 0;
			defaultConfigurationName = Release;
		};
		4C48FE3E18013C7300DE5F5A /* Build configuration list for PBXNativeTarget "iLogoTests" */ = {
			isa = XCConfigurationList;
			buildConfigurations = (
				4C48FE3F18013C7300DE5F5A /* Debug */,
				4C48FE4018013C7300DE5F5A /* Release */,
			);
			defaultConfigurationIsVisible = 0;
			defaultConfigurationName = Release;
		};
/* End XCConfigurationList section */
	};
	rootObject = 4C48FE0118013C7300DE5F5A /* Project object */;
}
